
Microsoft Visual Studio Solution File, Format Version 12.00
# Visual Studio Version 17
VisualStudioVersion = 17.11.35327.3
MinimumVisualStudioVersion = 10.0.40219.1
Project("{9A19103F-16F7-4668-BE54-9A1E7A4F7556}") = "RegionalWriter", "RegionalWriter.csproj", "{2FB0375B-0F90-4F1F-8452-FD2BF1833939}"
EndProject
Project("{FAE04EC0-301F-11D3-BF4B-00C04F79EFBC}") = "RegionalWriter.Test", "..\RegionalWriter.Test\RegionalWriter.Test.csproj", "{8F76113B-5114-4677-86E3-EA3B131AB617}"
EndProject
Global
	GlobalSection(SolutionConfigurationPlatforms) = preSolution
		Debug|Any CPU = Debug|Any CPU
		Release|Any CPU = Release|Any CPU
	EndGlobalSection
	GlobalSection(ProjectConfigurationPlatforms) = postSolution
		{2FB0375B-0F90-4F1F-8452-FD2BF1833939}.Debug|Any CPU.ActiveCfg = Debug|Any CPU
		{2FB0375B-0F90-4F1F-8452-FD2BF1833939}.Debug|Any CPU.Build.0 = Debug|Any CPU
		{2FB0375B-0F90-4F1F-8452-FD2BF1833939}.Release|Any CPU.ActiveCfg = Release|Any CPU
		{2FB0375B-0F90-4F1F-8452-FD2BF1833939}.Release|Any CPU.Build.0 = Release|Any CPU
		{8F76113B-5114-4677-86E3-EA3B131AB617}.Debug|Any CPU.ActiveCfg = Debug|Any CPU
		{8F76113B-5114-4677-86E3-EA3B131AB617}.Debug|Any CPU.Build.0 = Debug|Any CPU
		{8F76113B-5114-4677-86E3-EA3B131AB617}.Release|Any CPU.ActiveCfg = Release|Any CPU
		{8F76113B-5114-4677-86E3-EA3B131AB617}.Release|Any CPU.Build.0 = Release|Any CPU
	EndGlobalSection
	GlobalSection(SolutionProperties) = preSolution
		HideSolutionNode = FALSE
	EndGlobalSection
	GlobalSection(ExtensibilityGlobals) = postSolution
		SolutionGuid = {74033058-CF15-445E-AB08-AA68E1B51ED1}
	EndGlobalSection
EndGlobal
